
Microsoft Visual Studio Solution File, Format Version 12.00
# Visual Studio Version 16
VisualStudioVersion = 16.0.29201.188
MinimumVisualStudioVersion = 10.0.40219.1
Project("{FAE04EC0-301F-11D3-BF4B-00C04F79EFBC}") = "Dependency.Android", "Dependency\Dependency.Android\Dependency.Android.csproj", "{67817881-613E-4E21-89A4-40414D6641A8}"
EndProject
Project("{FAE04EC0-301F-11D3-BF4B-00C04F79EFBC}") = "Dependency.iOS", "Dependency\Dependency.iOS\Dependency.iOS.csproj", "{75D829EF-ACF3-4A4D-9FAF-BF3191BFC2D8}"
EndProject
Project("{FAE04EC0-301F-11D3-BF4B-00C04F79EFBC}") = "Dependency", "Dependency\Dependency\Dependency.csproj", "{8C176A67-4C56-44D5-97D9-DFF4CDF8BF98}"
EndProject
Global
	GlobalSection(SolutionConfigurationPlatforms) = preSolution
		Debug|Any CPU = Debug|Any CPU
		Debug|iPhone = Debug|iPhone
		Debug|iPhoneSimulator = Debug|iPhoneSimulator
		Release|Any CPU = Release|Any CPU
		Release|iPhone = Release|iPhone
		Release|iPhoneSimulator = Release|iPhoneSimulator
	EndGlobalSection
	GlobalSection(ProjectConfigurationPlatforms) = postSolution
		{67817881-613E-4E21-89A4-40414D6641A8}.Debug|Any CPU.ActiveCfg = Debug|Any CPU
		{67817881-613E-4E21-89A4-40414D6641A8}.Debug|Any CPU.Build.0 = Debug|Any CPU
		{67817881-613E-4E21-89A4-40414D6641A8}.Debug|Any CPU.Deploy.0 = Debug|Any CPU
		{67817881-613E-4E21-89A4-40414D6641A8}.Debug|iPhone.ActiveCfg = Debug|Any CPU
		{67817881-613E-4E21-89A4-40414D6641A8}.Debug|iPhone.Build.0 = Debug|Any CPU
		{67817881-613E-4E21-89A4-40414D6641A8}.Debug|iPhone.Deploy.0 = Debug|Any CPU
		{67817881-613E-4E21-89A4-40414D6641A8}.Debug|iPhoneSimulator.ActiveCfg = Debug|Any CPU
		{67817881-613E-4E21-89A4-40414D6641A8}.Debug|iPhoneSimulator.Build.0 = Debug|Any CPU
		{67817881-613E-4E21-89A4-40414D6641A8}.Debug|iPhoneSimulator.Deploy.0 = Debug|Any CPU
		{67817881-613E-4E21-89A4-40414D6641A8}.Release|Any CPU.ActiveCfg = Release|Any CPU
		{67817881-613E-4E21-89A4-40414D6641A8}.Release|Any CPU.Build.0 = Release|Any CPU
		{67817881-613E-4E21-89A4-40414D6641A8}.Release|Any CPU.Deploy.0 = Release|Any CPU
		{67817881-613E-4E21-89A4-40414D6641A8}.Release|iPhone.ActiveCfg = Release|Any CPU
		{67817881-613E-4E21-89A4-40414D6641A8}.Release|iPhone.Build.0 = Release|Any CPU
		{67817881-613E-4E21-89A4-40414D6641A8}.Release|iPhone.Deploy.0 = Release|Any CPU
		{67817881-613E-4E21-89A4-40414D6641A8}.Release|iPhoneSimulator.ActiveCfg = Release|Any CPU
		{67817881-613E-4E21-89A4-40414D6641A8}.Release|iPhoneSimulator.Build.0 = Release|Any CPU
		{67817881-613E-4E21-89A4-40414D6641A8}.Release|iPhoneSimulator.Deploy.0 = Release|Any CPU
		{75D829EF-ACF3-4A4D-9FAF-BF3191BFC2D8}.Debug|Any CPU.ActiveCfg = Debug|iPhoneSimulator
		{75D829EF-ACF3-4A4D-9FAF-BF3191BFC2D8}.Debug|Any CPU.Build.0 = Debug|iPhoneSimulator
		{75D829EF-ACF3-4A4D-9FAF-BF3191BFC2D8}.Debug|Any CPU.Deploy.0 = Debug|iPhoneSimulator
		{75D829EF-ACF3-4A4D-9FAF-BF3191BFC2D8}.Debug|iPhone.ActiveCfg = Debug|iPhone
		{75D829EF-ACF3-4A4D-9FAF-BF3191BFC2D8}.Debug|iPhone.Build.0 = Debug|iPhone
		{75D829EF-ACF3-4A4D-9FAF-BF3191BFC2D8}.Debug|iPhone.Deploy.0 = Debug|iPhone
		{75D829EF-ACF3-4A4D-9FAF-BF3191BFC2D8}.Debug|iPhoneSimulator.ActiveCfg = Debug|iPhoneSimulator
		{75D829EF-ACF3-4A4D-9FAF-BF3191BFC2D8}.Debug|iPhoneSimulator.Build.0 = Debug|iPhoneSimulator
		{75D829EF-ACF3-4A4D-9FAF-BF3191BFC2D8}.Debug|iPhoneSimulator.Deploy.0 = Debug|iPhoneSimulator
		{75D829EF-ACF3-4A4D-9FAF-BF3191BFC2D8}.Release|Any CPU.ActiveCfg = Release|iPhone
		{75D829EF-ACF3-4A4D-9FAF-BF3191BFC2D8}.Release|Any CPU.Build.0 = Release|iPhone
		{75D829EF-ACF3-4A4D-9FAF-BF3191BFC2D8}.Release|Any CPU.Deploy.0 = Release|iPhone
		{75D829EF-ACF3-4A4D-9FAF-BF3191BFC2D8}.Release|iPhone.ActiveCfg = Release|iPhone
		{75D829EF-ACF3-4A4D-9FAF-BF3191BFC2D8}.Release|iPhone.Build.0 = Release|iPhone
		{75D829EF-ACF3-4A4D-9FAF-BF3191BFC2D8}.Release|iPhone.Deploy.0 = Release|iPhone
		{75D829EF-ACF3-4A4D-9FAF-BF3191BFC2D8}.Release|iPhoneSimulator.ActiveCfg = Release|iPhoneSimulator
		{75D829EF-ACF3-4A4D-9FAF-BF3191BFC2D8}.Release|iPhoneSimulator.Build.0 = Release|iPhoneSimulator
		{75D829EF-ACF3-4A4D-9FAF-BF3191BFC2D8}.Release|iPhoneSimulator.Deploy.0 = Release|iPhoneSimulator
		{8C176A67-4C56-44D5-97D9-DFF4CDF8BF98}.Debug|Any CPU.ActiveCfg = Debug|Any CPU
		{8C176A67-4C56-44D5-97D9-DFF4CDF8BF98}.Debug|Any CPU.Build.0 = Debug|Any CPU
		{8C176A67-4C56-44D5-97D9-DFF4CDF8BF98}.Debug|Any CPU.Deploy.0 = Debug|Any CPU
		{8C176A67-4C56-44D5-97D9-DFF4CDF8BF98}.Debug|iPhone.ActiveCfg = Debug|Any CPU
		{8C176A67-4C56-44D5-97D9-DFF4CDF8BF98}.Debug|iPhone.Build.0 = Debug|Any CPU
		{8C176A67-4C56-44D5-97D9-DFF4CDF8BF98}.Debug|iPhone.Deploy.0 = Debug|Any CPU
		{8C176A67-4C56-44D5-97D9-DFF4CDF8BF98}.Debug|iPhoneSimulator.ActiveCfg = Debug|Any CPU
		{8C176A67-4C56-44D5-97D9-DFF4CDF8BF98}.Debug|iPhoneSimulator.Build.0 = Debug|Any CPU
		{8C176A67-4C56-44D5-97D9-DFF4CDF8BF98}.Debug|iPhoneSimulator.Deploy.0 = Debug|Any CPU
		{8C176A67-4C56-44D5-97D9-DFF4CDF8BF98}.Release|Any CPU.ActiveCfg = Release|Any CPU
		{8C176A67-4C56-44D5-97D9-DFF4CDF8BF98}.Release|Any CPU.Build.0 = Release|Any CPU
		{8C176A67-4C56-44D5-97D9-DFF4CDF8BF98}.Release|Any CPU.Deploy.0 = Release|Any CPU
		{8C176A67-4C56-44D5-97D9-DFF4CDF8BF98}.Release|iPhone.ActiveCfg = Release|Any CPU
		{8C176A67-4C56-44D5-97D9-DFF4CDF8BF98}.Release|iPhone.Build.0 = Release|Any CPU
		{8C176A67-4C56-44D5-97D9-DFF4CDF8BF98}.Release|iPhone.Deploy.0 = Release|Any CPU
		{8C176A67-4C56-44D5-97D9-DFF4CDF8BF98}.Release|iPhoneSimulator.ActiveCfg = Release|Any CPU
		{8C176A67-4C56-44D5-97D9-DFF4CDF8BF98}.Release|iPhoneSimulator.Build.0 = Release|Any CPU
		{8C176A67-4C56-44D5-97D9-DFF4CDF8BF98}.Release|iPhoneSimulator.Deploy.0 = Release|Any CPU
	EndGlobalSection
	GlobalSection(SolutionProperties) = preSolution
		HideSolutionNode = FALSE
	EndGlobalSection
	GlobalSection(ExtensibilityGlobals) = postSolution
		SolutionGuid = {D88D3EE9-C67F-4D46-9578-04F1A8E8A440}
	EndGlobalSection
EndGlobal
